
Microsoft Visual Studio Solution File, Format Version 12.00
# Visual Studio Version 17
VisualStudioVersion = 17.3.32929.385
MinimumVisualStudioVersion = 10.0.40219.1
Project("{FAE04EC0-301F-11D3-BF4B-00C04F79EFBC}") = "AtmDenominations", "AtmDenominations\AtmDenominations.csproj", "{EFC4EEDE-770F-4832-A52E-2C26087B8C51}"
EndProject
Global
	GlobalSection(SolutionConfigurationPlatforms) = preSolution
		Debug|Any CPU = Debug|Any CPU
		Release|Any CPU = Release|Any CPU
	EndGlobalSection
	GlobalSection(ProjectConfigurationPlatforms) = postSolution
		{EFC4EEDE-770F-4832-A52E-2C26087B8C51}.Debug|Any CPU.ActiveCfg = Debug|Any CPU
		{EFC4EEDE-770F-4832-A52E-2C26087B8C51}.Debug|Any CPU.Build.0 = Debug|Any CPU
		{EFC4EEDE-770F-4832-A52E-2C26087B8C51}.Release|Any CPU.ActiveCfg = Release|Any CPU
		{EFC4EEDE-770F-4832-A52E-2C26087B8C51}.Release|Any CPU.Build.0 = Release|Any CPU
	EndGlobalSection
	GlobalSection(SolutionProperties) = preSolution
		HideSolutionNode = FALSE
	EndGlobalSection
	GlobalSection(ExtensibilityGlobals) = postSolution
		SolutionGuid = {E1B40627-4C95-4B4C-9FEC-C9623F4B4914}
	EndGlobalSection
EndGlobal
